
Microsoft Visual Studio Solution File, Format Version 12.00
# Visual Studio Version 16
VisualStudioVersion = 16.0.31729.503
MinimumVisualStudioVersion = 10.0.40219.1
Project("{FAE04EC0-301F-11D3-BF4B-00C04F79EFBC}") = "SchoolEntities", "SchoolEntities\SchoolEntities.csproj", "{89812DD1-4B89-4658-830C-D5E058C83BF4}"
EndProject
Project("{FAE04EC0-301F-11D3-BF4B-00C04F79EFBC}") = "SchoolDAL", "SchoolDAL\SchoolDAL.csproj", "{43665055-4B3C-46A3-AA40-E83EC10B02C6}"
EndProject
Project("{FAE04EC0-301F-11D3-BF4B-00C04F79EFBC}") = "SchoolBLL", "SchoolBLL\SchoolBLL.csproj", "{2F44158C-93BA-4118-A954-767F6D239446}"
EndProject
Project("{FAE04EC0-301F-11D3-BF4B-00C04F79EFBC}") = "SchoolWEB", "SchoolWEB\SchoolWEB.csproj", "{C8322CD3-532E-46A5-BFDB-63213B96224F}"
EndProject
Global
	GlobalSection(SolutionConfigurationPlatforms) = preSolution
		Debug|Any CPU = Debug|Any CPU
		Release|Any CPU = Release|Any CPU
	EndGlobalSection
	GlobalSection(ProjectConfigurationPlatforms) = postSolution
		{89812DD1-4B89-4658-830C-D5E058C83BF4}.Debug|Any CPU.ActiveCfg = Debug|Any CPU
		{89812DD1-4B89-4658-830C-D5E058C83BF4}.Debug|Any CPU.Build.0 = Debug|Any CPU
		{89812DD1-4B89-4658-830C-D5E058C83BF4}.Release|Any CPU.ActiveCfg = Release|Any CPU
		{89812DD1-4B89-4658-830C-D5E058C83BF4}.Release|Any CPU.Build.0 = Release|Any CPU
		{43665055-4B3C-46A3-AA40-E83EC10B02C6}.Debug|Any CPU.ActiveCfg = Debug|Any CPU
		{43665055-4B3C-46A3-AA40-E83EC10B02C6}.Debug|Any CPU.Build.0 = Debug|Any CPU
		{43665055-4B3C-46A3-AA40-E83EC10B02C6}.Release|Any CPU.ActiveCfg = Release|Any CPU
		{43665055-4B3C-46A3-AA40-E83EC10B02C6}.Release|Any CPU.Build.0 = Release|Any CPU
		{2F44158C-93BA-4118-A954-767F6D239446}.Debug|Any CPU.ActiveCfg = Debug|Any CPU
		{2F44158C-93BA-4118-A954-767F6D239446}.Debug|Any CPU.Build.0 = Debug|Any CPU
		{2F44158C-93BA-4118-A954-767F6D239446}.Release|Any CPU.ActiveCfg = Release|Any CPU
		{2F44158C-93BA-4118-A954-767F6D239446}.Release|Any CPU.Build.0 = Release|Any CPU
		{C8322CD3-532E-46A5-BFDB-63213B96224F}.Debug|Any CPU.ActiveCfg = Debug|Any CPU
		{C8322CD3-532E-46A5-BFDB-63213B96224F}.Debug|Any CPU.Build.0 = Debug|Any CPU
		{C8322CD3-532E-46A5-BFDB-63213B96224F}.Release|Any CPU.ActiveCfg = Release|Any CPU
		{C8322CD3-532E-46A5-BFDB-63213B96224F}.Release|Any CPU.Build.0 = Release|Any CPU
	EndGlobalSection
	GlobalSection(SolutionProperties) = preSolution
		HideSolutionNode = FALSE
	EndGlobalSection
	GlobalSection(ExtensibilityGlobals) = postSolution
		SolutionGuid = {E07DE467-B468-47CB-AD91-20226A4137A0}
	EndGlobalSection
EndGlobal
