
Microsoft Visual Studio Solution File, Format Version 12.00
# Visual Studio Version 16
VisualStudioVersion = 16.0.31729.503
MinimumVisualStudioVersion = 10.0.40219.1
Project("{FAE04EC0-301F-11D3-BF4B-00C04F79EFBC}") = "Lab-15", "Lab-15.csproj", "{696EAED8-7353-490D-8FF0-4DAC410AC32B}"
EndProject
Global
	GlobalSection(SolutionConfigurationPlatforms) = preSolution
		Debug|Any CPU = Debug|Any CPU
		Release|Any CPU = Release|Any CPU
	EndGlobalSection
	GlobalSection(ProjectConfigurationPlatforms) = postSolution
		{696EAED8-7353-490D-8FF0-4DAC410AC32B}.Debug|Any CPU.ActiveCfg = Debug|Any CPU
		{696EAED8-7353-490D-8FF0-4DAC410AC32B}.Debug|Any CPU.Build.0 = Debug|Any CPU
		{696EAED8-7353-490D-8FF0-4DAC410AC32B}.Release|Any CPU.ActiveCfg = Release|Any CPU
		{696EAED8-7353-490D-8FF0-4DAC410AC32B}.Release|Any CPU.Build.0 = Release|Any CPU
	EndGlobalSection
	GlobalSection(SolutionProperties) = preSolution
		HideSolutionNode = FALSE
	EndGlobalSection
	GlobalSection(ExtensibilityGlobals) = postSolution
		SolutionGuid = {CF1AE0AB-2EE6-424A-A2BC-07CCC31A8BAC}
	EndGlobalSection
EndGlobal
