
Microsoft Visual Studio Solution File, Format Version 12.00
# Visual Studio Version 16
VisualStudioVersion = 16.0.31613.86
MinimumVisualStudioVersion = 10.0.40219.1
Project("{FAE04EC0-301F-11D3-BF4B-00C04F79EFBC}") = "ConsoleApp1", "ConsoleApp1.csproj", "{CB809EDC-577F-4DD9-A4CD-8B71821FBC56}"
EndProject
Global
	GlobalSection(SolutionConfigurationPlatforms) = preSolution
		Debug|Any CPU = Debug|Any CPU
		Release|Any CPU = Release|Any CPU
	EndGlobalSection
	GlobalSection(ProjectConfigurationPlatforms) = postSolution
		{CB809EDC-577F-4DD9-A4CD-8B71821FBC56}.Debug|Any CPU.ActiveCfg = Debug|Any CPU
		{CB809EDC-577F-4DD9-A4CD-8B71821FBC56}.Debug|Any CPU.Build.0 = Debug|Any CPU
		{CB809EDC-577F-4DD9-A4CD-8B71821FBC56}.Release|Any CPU.ActiveCfg = Release|Any CPU
		{CB809EDC-577F-4DD9-A4CD-8B71821FBC56}.Release|Any CPU.Build.0 = Release|Any CPU
	EndGlobalSection
	GlobalSection(SolutionProperties) = preSolution
		HideSolutionNode = FALSE
	EndGlobalSection
	GlobalSection(ExtensibilityGlobals) = postSolution
		SolutionGuid = {A1DB687F-6F63-4503-A80F-38128C2A7F70}
	EndGlobalSection
EndGlobal
