
Microsoft Visual Studio Solution File, Format Version 12.00
# Visual Studio Version 16
VisualStudioVersion = 16.0.31729.503
MinimumVisualStudioVersion = 10.0.40219.1
Project("{FAE04EC0-301F-11D3-BF4B-00C04F79EFBC}") = "lab13", "lab13.csproj", "{4DBDCF22-596C-494D-BD53-EB953DBA0F31}"
EndProject
Global
	GlobalSection(SolutionConfigurationPlatforms) = preSolution
		Debug|Any CPU = Debug|Any CPU
		Release|Any CPU = Release|Any CPU
	EndGlobalSection
	GlobalSection(ProjectConfigurationPlatforms) = postSolution
		{4DBDCF22-596C-494D-BD53-EB953DBA0F31}.Debug|Any CPU.ActiveCfg = Debug|Any CPU
		{4DBDCF22-596C-494D-BD53-EB953DBA0F31}.Debug|Any CPU.Build.0 = Debug|Any CPU
		{4DBDCF22-596C-494D-BD53-EB953DBA0F31}.Release|Any CPU.ActiveCfg = Release|Any CPU
		{4DBDCF22-596C-494D-BD53-EB953DBA0F31}.Release|Any CPU.Build.0 = Release|Any CPU
	EndGlobalSection
	GlobalSection(SolutionProperties) = preSolution
		HideSolutionNode = FALSE
	EndGlobalSection
	GlobalSection(ExtensibilityGlobals) = postSolution
		SolutionGuid = {8DCB1F7A-485A-481A-B398-A255083F0EA8}
	EndGlobalSection
EndGlobal
